// !$*UTF8*$!
{
	archiveVersion = 1;
	classes = {
	};
	objectVersion = 48;
	objects = {

/* Begin PBXBuildFile section */
		593CC8181F156F28006CEBBC /* AppDelegate.swift in Sources */ = {isa = PBXBuildFile; fileRef = 593CC8171F156F28006CEBBC /* AppDelegate.swift */; };
		593CC81A1F156F28006CEBBC /* ViewController.swift in Sources */ = {isa = PBXBuildFile; fileRef = 593CC8191F156F28006CEBBC /* ViewController.swift */; };
		593CC81D1F156F28006CEBBC /* Main.storyboard in Resources */ = {isa = PBXBuildFile; fileRef = 593CC81B1F156F28006CEBBC /* Main.storyboard */; };
		593CC81F1F156F28006CEBBC /* Assets.xcassets in Resources */ = {isa = PBXBuildFile; fileRef = 593CC81E1F156F28006CEBBC /* Assets.xcassets */; };
		593CC8221F156F28006CEBBC /* LaunchScreen.storyboard in Resources */ = {isa = PBXBuildFile; fileRef = 593CC8201F156F28006CEBBC /* LaunchScreen.storyboard */; };
		593CC82D1F156F28006CEBBC /* TicTacToeTests.swift in Sources */ = {isa = PBXBuildFile; fileRef = 593CC82C1F156F28006CEBBC /* TicTacToeTests.swift */; };
		593CC8381F156F28006CEBBC /* TicTacToeUITests.swift in Sources */ = {isa = PBXBuildFile; fileRef = 593CC8371F156F28006CEBBC /* TicTacToeUITests.swift */; };
/* End PBXBuildFile section */

/* Begin PBXContainerItemProxy section */
		593CC8291F156F28006CEBBC /* PBXContainerItemProxy */ = {
			isa = PBXContainerItemProxy;
			containerPortal = 593CC80C1F156F28006CEBBC /* Project object */;
			proxyType = 1;
			remoteGlobalIDString = 593CC8131F156F28006CEBBC;
			remoteInfo = TicTacToe;
		};
		593CC8341F156F28006CEBBC /* PBXContainerItemProxy */ = {
			isa = PBXContainerItemProxy;
			containerPortal = 593CC80C1F156F28006CEBBC /* Project object */;
			proxyType = 1;
			remoteGlobalIDString = 593CC8131F156F28006CEBBC;
			remoteInfo = TicTacToe;
		};
/* End PBXContainerItemProxy section */

/* Begin PBXFileReference section */
		593CC8141F156F28006CEBBC /* TicTacToe.app */ = {isa = PBXFileReference; explicitFileType = wrapper.application; includeInIndex = 0; path = TicTacToe.app; sourceTree = BUILT_PRODUCTS_DIR; };
		593CC8171F156F28006CEBBC /* AppDelegate.swift */ = {isa = PBXFileReference; lastKnownFileType = sourcecode.swift; path = AppDelegate.swift; sourceTree = "<group>"; };
		593CC8191F156F28006CEBBC /* ViewController.swift */ = {isa = PBXFileReference; lastKnownFileType = sourcecode.swift; path = ViewController.swift; sourceTree = "<group>"; };
		593CC81C1F156F28006CEBBC /* Base */ = {isa = PBXFileReference; lastKnownFileType = file.storyboard; name = Base; path = Base.lproj/Main.storyboard; sourceTree = "<group>"; };
		593CC81E1F156F28006CEBBC /* Assets.xcassets */ = {isa = PBXFileReference; lastKnownFileType = folder.assetcatalog; path = Assets.xcassets; sourceTree = "<group>"; };
		593CC8211F156F28006CEBBC /* Base */ = {isa = PBXFileReference; lastKnownFileType = file.storyboard; name = Base; path = Base.lproj/LaunchScreen.storyboard; sourceTree = "<group>"; };
		593CC8231F156F28006CEBBC /* Info.plist */ = {isa = PBXFileReference; lastKnownFileType = text.plist.xml; path = Info.plist; sourceTree = "<group>"; };
		593CC8281F156F28006CEBBC /* TicTacToeTests.xctest */ = {isa = PBXFileReference; explicitFileType = wrapper.cfbundle; includeInIndex = 0; path = TicTacToeTests.xctest; sourceTree = BUILT_PRODUCTS_DIR; };
		593CC82C1F156F28006CEBBC /* TicTacToeTests.swift */ = {isa = PBXFileReference; lastKnownFileType = sourcecode.swift; path = TicTacToeTests.swift; sourceTree = "<group>"; };
		593CC82E1F156F28006CEBBC /* Info.plist */ = {isa = PBXFileReference; lastKnownFileType = text.plist.xml; path = Info.plist; sourceTree = "<group>"; };
		593CC8331F156F28006CEBBC /* TicTacToeUITests.xctest */ = {isa = PBXFileReference; explicitFileType = wrapper.cfbundle; includeInIndex = 0; path = TicTacToeUITests.xctest; sourceTree = BUILT_PRODUCTS_DIR; };
		593CC8371F156F28006CEBBC /* TicTacToeUITests.swift */ = {isa = PBXFileReference; lastKnownFileType = sourcecode.swift; path = TicTacToeUITests.swift; sourceTree = "<group>"; };
		593CC8391F156F28006CEBBC /* Info.plist */ = {isa = PBXFileReference; lastKnownFileType = text.plist.xml; path = Info.plist; sourceTree = "<group>"; };
/* End PBXFileReference section */

/* Begin PBXFrameworksBuildPhase section */
		593CC8111F156F28006CEBBC /* Frameworks */ = {
			isa = PBXFrameworksBuildPhase;
			buildActionMask = 2147483647;
			files = (
			);
			runOnlyForDeploymentPostprocessing = 0;
		};
		593CC8251F156F28006CEBBC /* Frameworks */ = {
			isa = PBXFrameworksBuildPhase;
			buildActionMask = 2147483647;
			files = (
			);
			runOnlyForDeploymentPostprocessing = 0;
		};
		593CC8301F156F28006CEBBC /* Frameworks */ = {
			isa = PBXFrameworksBuildPhase;
			buildActionMask = 2147483647;
			files = (
			);
			runOnlyForDeploymentPostprocessing = 0;
		};
/* End PBXFrameworksBuildPhase section */

/* Begin PBXGroup section */
		593CC80B1F156F28006CEBBC = {
			isa = PBXGroup;
			children = (
				593CC8161F156F28006CEBBC /* TicTacToe */,
				593CC82B1F156F28006CEBBC /* TicTacToeTests */,
				593CC8361F156F28006CEBBC /* TicTacToeUITests */,
				593CC8151F156F28006CEBBC /* Products */,
			);
			sourceTree = "<group>";
		};
		593CC8151F156F28006CEBBC /* Products */ = {
			isa = PBXGroup;
			children = (
				593CC8141F156F28006CEBBC /* TicTacToe.app */,
				593CC8281F156F28006CEBBC /* TicTacToeTests.xctest */,
				593CC8331F156F28006CEBBC /* TicTacToeUITests.xctest */,
			);
			name = Products;
			sourceTree = "<group>";
		};
		593CC8161F156F28006CEBBC /* TicTacToe */ = {
			isa = PBXGroup;
			children = (
				593CC8171F156F28006CEBBC /* AppDelegate.swift */,
				593CC8191F156F28006CEBBC /* ViewController.swift */,
				593CC81B1F156F28006CEBBC /* Main.storyboard */,
				593CC81E1F156F28006CEBBC /* Assets.xcassets */,
				593CC8201F156F28006CEBBC /* LaunchScreen.storyboard */,
				593CC8231F156F28006CEBBC /* Info.plist */,
			);
			path = TicTacToe;
			sourceTree = "<group>";
		};
		593CC82B1F156F28006CEBBC /* TicTacToeTests */ = {
			isa = PBXGroup;
			children = (
				593CC82C1F156F28006CEBBC /* TicTacToeTests.swift */,
				593CC82E1F156F28006CEBBC /* Info.plist */,
			);
			path = TicTacToeTests;
			sourceTree = "<group>";
		};
		593CC8361F156F28006CEBBC /* TicTacToeUITests */ = {
			isa = PBXGroup;
			children = (
				593CC8371F156F28006CEBBC /* TicTacToeUITests.swift */,
				593CC8391F156F28006CEBBC /* Info.plist */,
			);
			path = TicTacToeUITests;
			sourceTree = "<group>";
		};
/* End PBXGroup section */

/* Begin PBXNativeTarget section */
		593CC8131F156F28006CEBBC /* TicTacToe */ = {
			isa = PBXNativeTarget;
			buildConfigurationList = 593CC83C1F156F28006CEBBC /* Build configuration list for PBXNativeTarget "TicTacToe" */;
			buildPhases = (
				593CC8101F156F28006CEBBC /* Sources */,
				593CC8111F156F28006CEBBC /* Frameworks */,
				593CC8121F156F28006CEBBC /* Resources */,
			);
			buildRules = (
			);
			dependencies = (
			);
			name = TicTacToe;
			productName = TicTacToe;
			productReference = 593CC8141F156F28006CEBBC /* TicTacToe.app */;
			productType = "com.apple.product-type.application";
		};
		593CC8271F156F28006CEBBC /* TicTacToeTests */ = {
			isa = PBXNativeTarget;
			buildConfigurationList = 593CC83F1F156F28006CEBBC /* Build configuration list for PBXNativeTarget "TicTacToeTests" */;
			buildPhases = (
				593CC8241F156F28006CEBBC /* Sources */,
				593CC8251F156F28006CEBBC /* Frameworks */,
				593CC8261F156F28006CEBBC /* Resources */,
			);
			buildRules = (
			);
			dependencies = (
				593CC82A1F156F28006CEBBC /* PBXTargetDependency */,
			);
			name = TicTacToeTests;
			productName = TicTacToeTests;
			productReference = 593CC8281F156F28006CEBBC /* TicTacToeTests.xctest */;
			productType = "com.apple.product-type.bundle.unit-test";
		};
		593CC8321F156F28006CEBBC /* TicTacToeUITests */ = {
			isa = PBXNativeTarget;
			buildConfigurationList = 593CC8421F156F28006CEBBC /* Build configuration list for PBXNativeTarget "TicTacToeUITests" */;
			buildPhases = (
				593CC82F1F156F28006CEBBC /* Sources */,
				593CC8301F156F28006CEBBC /* Frameworks */,
				593CC8311F156F28006CEBBC /* Resources */,
			);
			buildRules = (
			);
			dependencies = (
				593CC8351F156F28006CEBBC /* PBXTargetDependency */,
			);
			name = TicTacToeUITests;
			productName = TicTacToeUITests;
			productReference = 593CC8331F156F28006CEBBC /* TicTacToeUITests.xctest */;
			productType = "com.apple.product-type.bundle.ui-testing";
		};
/* End PBXNativeTarget section */

/* Begin PBXProject section */
		593CC80C1F156F28006CEBBC /* Project object */ = {
			isa = PBXProject;
			attributes = {
				LastSwiftUpdateCheck = 0900;
				LastUpgradeCheck = 0900;
				ORGANIZATIONNAME = "Chris Taylor";
				TargetAttributes = {
					593CC8131F156F28006CEBBC = {
						CreatedOnToolsVersion = 9.0;
					};
					593CC8271F156F28006CEBBC = {
						CreatedOnToolsVersion = 9.0;
						TestTargetID = 593CC8131F156F28006CEBBC;
					};
					593CC8321F156F28006CEBBC = {
						CreatedOnToolsVersion = 9.0;
						TestTargetID = 593CC8131F156F28006CEBBC;
					};
				};
			};
			buildConfigurationList = 593CC80F1F156F28006CEBBC /* Build configuration list for PBXProject "TicTacToe" */;
			compatibilityVersion = "Xcode 8.0";
			developmentRegion = en;
			hasScannedForEncodings = 0;
			knownRegions = (
				en,
				Base,
			);
			mainGroup = 593CC80B1F156F28006CEBBC;
			productRefGroup = 593CC8151F156F28006CEBBC /* Products */;
			projectDirPath = "";
			projectRoot = "";
			targets = (
				593CC8131F156F28006CEBBC /* TicTacToe */,
				593CC8271F156F28006CEBBC /* TicTacToeTests */,
				593CC8321F156F28006CEBBC /* TicTacToeUITests */,
			);
		};
/* End PBXProject section */

/* Begin PBXResourcesBuildPhase section */
		593CC8121F156F28006CEBBC /* Resources */ = {
			isa = PBXResourcesBuildPhase;
			buildActionMask = 2147483647;
			files = (
				593CC8221F156F28006CEBBC /* LaunchScreen.storyboard in Resources */,
				593CC81F1F156F28006CEBBC /* Assets.xcassets in Resources */,
				593CC81D1F156F28006CEBBC /* Main.storyboard in Resources */,
			);
			runOnlyForDeploymentPostprocessing = 0;
		};
		593CC8261F156F28006CEBBC /* Resources */ = {
			isa = PBXResourcesBuildPhase;
			buildActionMask = 2147483647;
			files = (
			);
			runOnlyForDeploymentPostprocessing = 0;
		};
		593CC8311F156F28006CEBBC /* Resources */ = {
			isa = PBXResourcesBuildPhase;
			buildActionMask = 2147483647;
			files = (
			);
			runOnlyForDeploymentPostprocessing = 0;
		};
/* End PBXResourcesBuildPhase section */

/* Begin PBXSourcesBuildPhase section */
		593CC8101F156F28006CEBBC /* Sources */ = {
			isa = PBXSourcesBuildPhase;
			buildActionMask = 2147483647;
			files = (
				593CC81A1F156F28006CEBBC /* ViewController.swift in Sources */,
				593CC8181F156F28006CEBBC /* AppDelegate.swift in Sources */,
			);
			runOnlyForDeploymentPostprocessing = 0;
		};
		593CC8241F156F28006CEBBC /* Sources */ = {
			isa = PBXSourcesBuildPhase;
			buildActionMask = 2147483647;
			files = (
				593CC82D1F156F28006CEBBC /* TicTacToeTests.swift in Sources */,
			);
			runOnlyForDeploymentPostprocessing = 0;
		};
		593CC82F1F156F28006CEBBC /* Sources */ = {
			isa = PBXSourcesBuildPhase;
			buildActionMask = 2147483647;
			files = (
				593CC8381F156F28006CEBBC /* TicTacToeUITests.swift in Sources */,
			);
			runOnlyForDeploymentPostprocessing = 0;
		};
/* End PBXSourcesBuildPhase section */

/* Begin PBXTargetDependency section */
		593CC82A1F156F28006CEBBC /* PBXTargetDependency */ = {
			isa = PBXTargetDependency;
			target = 593CC8131F156F28006CEBBC /* TicTacToe */;
			targetProxy = 593CC8291F156F28006CEBBC /* PBXContainerItemProxy */;
		};
		593CC8351F156F28006CEBBC /* PBXTargetDependency */ = {
			isa = PBXTargetDependency;
			target = 593CC8131F156F28006CEBBC /* TicTacToe */;
			targetProxy = 593CC8341F156F28006CEBBC /* PBXContainerItemProxy */;
		};
/* End PBXTargetDependency section */

/* Begin PBXVariantGroup section */
		593CC81B1F156F28006CEBBC /* Main.storyboard */ = {
			isa = PBXVariantGroup;
			children = (
				593CC81C1F156F28006CEBBC /* Base */,
			);
			name = Main.storyboard;
			sourceTree = "<group>";
		};
		593CC8201F156F28006CEBBC /* LaunchScreen.storyboard */ = {
			isa = PBXVariantGroup;
			children = (
				593CC8211F156F28006CEBBC /* Base */,
			);
			name = LaunchScreen.storyboard;
			sourceTree = "<group>";
		};
/* End PBXVariantGroup section */

/* Begin XCBuildConfiguration section */
		593CC83A1F156F28006CEBBC /* Debug */ = {
			isa = XCBuildConfiguration;
			buildSettings = {
				ALWAYS_SEARCH_USER_PATHS = NO;
				CLANG_ANALYZER_NONNULL = YES;
				CLANG_ANALYZER_NUMBER_OBJECT_CONVERSION = YES_AGGRESSIVE;
				CLANG_CXX_LANGUAGE_STANDARD = "gnu++14";
				CLANG_CXX_LIBRARY = "libc++";
				CLANG_ENABLE_MODULES = YES;
				CLANG_ENABLE_OBJC_ARC = YES;
				CLANG_WARN_BLOCK_CAPTURE_AUTORELEASING = YES;
				CLANG_WARN_BOOL_CONVERSION = YES;
				CLANG_WARN_COMMA = YES;
				CLANG_WARN_CONSTANT_CONVERSION = YES;
				CLANG_WARN_DIRECT_OBJC_ISA_USAGE = YES_ERROR;
				CLANG_WARN_DOCUMENTATION_COMMENTS = YES;
				CLANG_WARN_EMPTY_BODY = YES;
				CLANG_WARN_ENUM_CONVERSION = YES;
				CLANG_WARN_INFINITE_RECURSION = YES;
				CLANG_WARN_INT_CONVERSION = YES;
				CLANG_WARN_NON_LITERAL_NULL_CONVERSION = YES;
				CLANG_WARN_OBJC_LITERAL_CONVERSION = YES;
				CLANG_WARN_OBJC_ROOT_CLASS = YES_ERROR;
				CLANG_WARN_RANGE_LOOP_ANALYSIS = YES;
				CLANG_WARN_STRICT_PROTOTYPES = YES;
				CLANG_WARN_SUSPICIOUS_MOVE = YES;
				CLANG_WARN_UNGUARDED_AVAILABILITY = YES_AGGRESSIVE;
				CLANG_WARN_UNREACHABLE_CODE = YES;
				CLANG_WARN__DUPLICATE_METHOD_MATCH = YES;
				CODE_SIGN_IDENTITY = "iPhone Developer";
				COPY_PHASE_STRIP = NO;
				DEBUG_INFORMATION_FORMAT = dwarf;
				ENABLE_STRICT_OBJC_MSGSEND = YES;
				ENABLE_TESTABILITY = YES;
				GCC_C_LANGUAGE_STANDARD = gnu11;
				GCC_DYNAMIC_NO_PIC = NO;
				GCC_NO_COMMON_BLOCKS = YES;
				GCC_OPTIMIZATION_LEVEL = 0;
				GCC_PREPROCESSOR_DEFINITIONS = (
					"DEBUG=1",
					"$(inherited)",
				);
				GCC_WARN_64_TO_32_BIT_CONVERSION = YES;
				GCC_WARN_ABOUT_RETURN_TYPE = YES_ERROR;
				GCC_WARN_UNDECLARED_SELECTOR = YES;
				GCC_WARN_UNINITIALIZED_AUTOS = YES_AGGRESSIVE;
				GCC_WARN_UNUSED_FUNCTION = YES;
				GCC_WARN_UNUSED_VARIABLE = YES;
				IPHONEOS_DEPLOYMENT_TARGET = 11.0;
				MTL_ENABLE_DEBUG_INFO = YES;
				ONLY_ACTIVE_ARCH = YES;
				SDKROOT = iphoneos;
				SWIFT_ACTIVE_COMPILATION_CONDITIONS = DEBUG;
				SWIFT_OPTIMIZATION_LEVEL = "-Onone";
			};
			name = Debug;
		};
		593CC83B1F156F28006CEBBC /* Release */ = {
			isa = XCBuildConfiguration;
			buildSettings = {
				ALWAYS_SEARCH_USER_PATHS = NO;
				CLANG_ANALYZER_NONNULL = YES;
				CLANG_ANALYZER_NUMBER_OBJECT_CONVERSION = YES_AGGRESSIVE;
				CLANG_CXX_LANGUAGE_STANDARD = "gnu++14";
				CLANG_CXX_LIBRARY = "libc++";
				CLANG_ENABLE_MODULES = YES;
				CLANG_ENABLE_OBJC_ARC = YES;
				CLANG_WARN_BLOCK_CAPTURE_AUTORELEASING = YES;
				CLANG_WARN_BOOL_CONVERSION = YES;
				CLANG_WARN_COMMA = YES;
				CLANG_WARN_CONSTANT_CONVERSION = YES;
				CLANG_WARN_DIRECT_OBJC_ISA_USAGE = YES_ERROR;
				CLANG_WARN_DOCUMENTATION_COMMENTS = YES;
				CLANG_WARN_EMPTY_BODY = YES;
				CLANG_WARN_ENUM_CONVERSION = YES;
				CLANG_WARN_INFINITE_RECURSION = YES;
				CLANG_WARN_INT_CONVERSION = YES;
				CLANG_WARN_NON_LITERAL_NULL_CONVERSION = YES;
				CLANG_WARN_OBJC_LITERAL_CONVERSION = YES;
				CLANG_WARN_OBJC_ROOT_CLASS = YES_ERROR;
				CLANG_WARN_RANGE_LOOP_ANALYSIS = YES;
				CLANG_WARN_STRICT_PROTOTYPES = YES;
				CLANG_WARN_SUSPICIOUS_MOVE = YES;
				CLANG_WARN_UNGUARDED_AVAILABILITY = YES_AGGRESSIVE;
				CLANG_WARN_UNREACHABLE_CODE = YES;
				CLANG_WARN__DUPLICATE_METHOD_MATCH = YES;
				CODE_SIGN_IDENTITY = "iPhone Developer";
				COPY_PHASE_STRIP = NO;
				DEBUG_INFORMATION_FORMAT = "dwarf-with-dsym";
				ENABLE_NS_ASSERTIONS = NO;
				ENABLE_STRICT_OBJC_MSGSEND = YES;
				GCC_C_LANGUAGE_STANDARD = gnu11;
				GCC_NO_COMMON_BLOCKS = YES;
				GCC_WARN_64_TO_32_BIT_CONVERSION = YES;
				GCC_WARN_ABOUT_RETURN_TYPE = YES_ERROR;
				GCC_WARN_UNDECLARED_SELECTOR = YES;
				GCC_WARN_UNINITIALIZED_AUTOS = YES_AGGRESSIVE;
				GCC_WARN_UNUSED_FUNCTION = YES;
				GCC_WARN_UNUSED_VARIABLE = YES;
				IPHONEOS_DEPLOYMENT_TARGET = 11.0;
				MTL_ENABLE_DEBUG_INFO = NO;
				SDKROOT = iphoneos;
				SWIFT_OPTIMIZATION_LEVEL = "-Owholemodule";
				VALIDATE_PRODUCT = YES;
			};
			name = Release;
		};
		593CC83D1F156F28006CEBBC /* Debug */ = {
			isa = XCBuildConfiguration;
			buildSettings = {
				ASSETCATALOG_COMPILER_APPICON_NAME = AppIcon;
				INFOPLIST_FILE = TicTacToe/Info.plist;
				LD_RUNPATH_SEARCH_PATHS = "$(inherited) @executable_path/Frameworks";
				PRODUCT_BUNDLE_IDENTIFIER = com.forgetfulman.TicTacToe;
				PRODUCT_NAME = "$(TARGET_NAME)";
				SWIFT_VERSION = 4.0;
				TARGETED_DEVICE_FAMILY = "1,2";
			};
			name = Debug;
		};
		593CC83E1F156F28006CEBBC /* Release */ = {
			isa = XCBuildConfiguration;
			buildSettings = {
				ASSETCATALOG_COMPILER_APPICON_NAME = AppIcon;
				INFOPLIST_FILE = TicTacToe/Info.plist;
				LD_RUNPATH_SEARCH_PATHS = "$(inherited) @executable_path/Frameworks";
				PRODUCT_BUNDLE_IDENTIFIER = com.forgetfulman.TicTacToe;
				PRODUCT_NAME = "$(TARGET_NAME)";
				SWIFT_VERSION = 4.0;
				TARGETED_DEVICE_FAMILY = "1,2";
			};
			name = Release;
		};
		593CC8401F156F28006CEBBC /* Debug */ = {
			isa = XCBuildConfiguration;
			buildSettings = {
				ALWAYS_EMBED_SWIFT_STANDARD_LIBRARIES = YES;
				BUNDLE_LOADER = "$(TEST_HOST)";
				INFOPLIST_FILE = TicTacToeTests/Info.plist;
				LD_RUNPATH_SEARCH_PATHS = "$(inherited) @executable_path/Frameworks @loader_path/Frameworks";
				PRODUCT_BUNDLE_IDENTIFIER = com.forgetfulman.TicTacToeTests;
				PRODUCT_NAME = "$(TARGET_NAME)";
				SWIFT_VERSION = 4.0;
				TARGETED_DEVICE_FAMILY = "1,2";
				TEST_HOST = "$(BUILT_PRODUCTS_DIR)/TicTacToe.app/TicTacToe";
			};
			name = Debug;
		};
		593CC8411F156F28006CEBBC /* Release */ = {
			isa = XCBuildConfiguration;
			buildSettings = {
				ALWAYS_EMBED_SWIFT_STANDARD_LIBRARIES = YES;
				BUNDLE_LOADER = "$(TEST_HOST)";
				INFOPLIST_FILE = TicTacToeTests/Info.plist;
				LD_RUNPATH_SEARCH_PATHS = "$(inherited) @executable_path/Frameworks @loader_path/Frameworks";
				PRODUCT_BUNDLE_IDENTIFIER = com.forgetfulman.TicTacToeTests;
				PRODUCT_NAME = "$(TARGET_NAME)";
				SWIFT_VERSION = 4.0;
				TARGETED_DEVICE_FAMILY = "1,2";
				TEST_HOST = "$(BUILT_PRODUCTS_DIR)/TicTacToe.app/TicTacToe";
			};
			name = Release;
		};
		593CC8431F156F28006CEBBC /* Debug */ = {
			isa = XCBuildConfiguration;
			buildSettings = {
				ALWAYS_EMBED_SWIFT_STANDARD_LIBRARIES = YES;
				INFOPLIST_FILE = TicTacToeUITests/Info.plist;
				LD_RUNPATH_SEARCH_PATHS = "$(inherited) @executable_path/Frameworks @loader_path/Frameworks";
				PRODUCT_BUNDLE_IDENTIFIER = com.forgetfulman.TicTacToeUITests;
				PRODUCT_NAME = "$(TARGET_NAME)";
				SWIFT_VERSION = 4.0;
				TARGETED_DEVICE_FAMILY = "1,2";
				TEST_TARGET_NAME = TicTacToe;
			};
			name = Debug;
		};
		593CC8441F156F28006CEBBC /* Release */ = {
			isa = XCBuildConfiguration;
			buildSettings = {
				ALWAYS_EMBED_SWIFT_STANDARD_LIBRARIES = YES;
				INFOPLIST_FILE = TicTacToeUITests/Info.plist;
				LD_RUNPATH_SEARCH_PATHS = "$(inherited) @executable_path/Frameworks @loader_path/Frameworks";
				PRODUCT_BUNDLE_IDENTIFIER = com.forgetfulman.TicTacToeUITests;
				PRODUCT_NAME = "$(TARGET_NAME)";
				SWIFT_VERSION = 4.0;
				TARGETED_DEVICE_FAMILY = "1,2";
				TEST_TARGET_NAME = TicTacToe;
			};
			name = Release;
		};
/* End XCBuildConfiguration section */

/* Begin XCConfigurationList section */
		593CC80F1F156F28006CEBBC /* Build configuration list for PBXProject "TicTacToe" */ = {
			isa = XCConfigurationList;
			buildConfigurations = (
				593CC83A1F156F28006CEBBC /* Debug */,
				593CC83B1F156F28006CEBBC /* Release */,
			);
			defaultConfigurationIsVisible = 0;
			defaultConfigurationName = Release;
		};
		593CC83C1F156F28006CEBBC /* Build configuration list for PBXNativeTarget "TicTacToe" */ = {
			isa = XCConfigurationList;
			buildConfigurations = (
				593CC83D1F156F28006CEBBC /* Debug */,
				593CC83E1F156F28006CEBBC /* Release */,
			);
			defaultConfigurationIsVisible = 0;
		};
		593CC83F1F156F28006CEBBC /* Build configuration list for PBXNativeTarget "TicTacToeTests" */ = {
			isa = XCConfigurationList;
			buildConfigurations = (
				593CC8401F156F28006CEBBC /* Debug */,
				593CC8411F156F28006CEBBC /* Release */,
			);
			defaultConfigurationIsVisible = 0;
		};
		593CC8421F156F28006CEBBC /* Build configuration list for PBXNativeTarget "TicTacToeUITests" */ = {
			isa = XCConfigurationList;
			buildConfigurations = (
				593CC8431F156F28006CEBBC /* Debug */,
				593CC8441F156F28006CEBBC /* Release */,
			);
			defaultConfigurationIsVisible = 0;
		};
/* End XCConfigurationList section */
	};
	rootObject = 593CC80C1F156F28006CEBBC /* Project object */;
}
